
Microsoft Visual Studio Solution File, Format Version 12.00
# Visual Studio Version 17
VisualStudioVersion = 17.2.32630.192
MinimumVisualStudioVersion = 10.0.40219.1
Project("{9A19103F-16F7-4668-BE54-9A1E7A4F7556}") = "CalcClass", "CalcClass\CalcClass.csproj", "{D3B44487-CE3A-4025-83D3-24DAC50E8BE0}"
EndProject
Project("{FAE04EC0-301F-11D3-BF4B-00C04F79EFBC}") = "TestProject", "TestProject\TestProject.csproj", "{1D26885A-22C5-482E-A87E-6ACD4E4FCFC5}"
EndProject
Global
	GlobalSection(SolutionConfigurationPlatforms) = preSolution
		Debug|Any CPU = Debug|Any CPU
		Release|Any CPU = Release|Any CPU
	EndGlobalSection
	GlobalSection(ProjectConfigurationPlatforms) = postSolution
		{D3B44487-CE3A-4025-83D3-24DAC50E8BE0}.Debug|Any CPU.ActiveCfg = Debug|Any CPU
		{D3B44487-CE3A-4025-83D3-24DAC50E8BE0}.Debug|Any CPU.Build.0 = Debug|Any CPU
		{D3B44487-CE3A-4025-83D3-24DAC50E8BE0}.Release|Any CPU.ActiveCfg = Release|Any CPU
		{D3B44487-CE3A-4025-83D3-24DAC50E8BE0}.Release|Any CPU.Build.0 = Release|Any CPU
		{1D26885A-22C5-482E-A87E-6ACD4E4FCFC5}.Debug|Any CPU.ActiveCfg = Debug|Any CPU
		{1D26885A-22C5-482E-A87E-6ACD4E4FCFC5}.Debug|Any CPU.Build.0 = Debug|Any CPU
		{1D26885A-22C5-482E-A87E-6ACD4E4FCFC5}.Release|Any CPU.ActiveCfg = Release|Any CPU
		{1D26885A-22C5-482E-A87E-6ACD4E4FCFC5}.Release|Any CPU.Build.0 = Release|Any CPU
	EndGlobalSection
	GlobalSection(SolutionProperties) = preSolution
		HideSolutionNode = FALSE
	EndGlobalSection
	GlobalSection(ExtensibilityGlobals) = postSolution
		SolutionGuid = {47547BC4-BAFF-4AA8-8700-53BC2EF31889}
	EndGlobalSection
EndGlobal
